
Microsoft Visual Studio Solution File, Format Version 12.00
# Visual Studio Version 17
VisualStudioVersion = 17.8.34330.188
MinimumVisualStudioVersion = 10.0.40219.1
Project("{2150E333-8FDC-42A3-9474-1A3956D46DE8}") = "Level0", "Level0", "{5994E41B-F693-4C44-A205-648CCF8B6007}"
EndProject
Project("{2150E333-8FDC-42A3-9474-1A3956D46DE8}") = "Level1", "Level1", "{5FA00F81-3B87-4105-931F-269FAFF20E7C}"
EndProject
Project("{2150E333-8FDC-42A3-9474-1A3956D46DE8}") = "Level2", "Level2", "{CA4914BA-DC31-469D-81BC-217A3CD1F016}"
EndProject
Project("{2150E333-8FDC-42A3-9474-1A3956D46DE8}") = "Level3", "Level3", "{D6910473-100A-4097-B71B-BD6A12C7ABE3}"
EndProject
Project("{2150E333-8FDC-42A3-9474-1A3956D46DE8}") = "Level4", "Level4", "{11F21AEC-208E-4BC7-A9B3-2B4C98674F9B}"
EndProject
Project("{8BC9CEB8-8B4A-11D0-8D11-00A0C91BC942}") = "Cadillacs", "Cadillacs\Cadillacs.vcxproj", "{78D7F355-F0AD-439E-9276-1F336FEFD087}"
EndProject
Project("{8BC9CEB8-8B4A-11D0-8D11-00A0C91BC942}") = "App", "App\App.vcxproj", "{A22DA2DB-9AE3-48F5-B9FA-1C854C4ADEB8}"
EndProject
Project("{8BC9CEB8-8B4A-11D0-8D11-00A0C91BC942}") = "EngineBase", "EngineBase\EngineBase.vcxproj", "{EA197215-13BB-4729-9573-DB483A0EE1A3}"
EndProject
Project("{8BC9CEB8-8B4A-11D0-8D11-00A0C91BC942}") = "EnginePlatform", "EnginePlatform\EnginePlatform.vcxproj", "{F0716EC2-0BC5-43EA-9046-B203E0985A67}"
EndProject
Project("{8BC9CEB8-8B4A-11D0-8D11-00A0C91BC942}") = "EngineCore", "EngineCore\EngineCore.vcxproj", "{35FA176C-16BB-4C2A-A672-F4FF30C1BEA5}"
EndProject
Global
	GlobalSection(SolutionConfigurationPlatforms) = preSolution
		Debug|x64 = Debug|x64
		Debug|x86 = Debug|x86
		Release|x64 = Release|x64
		Release|x86 = Release|x86
	EndGlobalSection
	GlobalSection(ProjectConfigurationPlatforms) = postSolution
		{78D7F355-F0AD-439E-9276-1F336FEFD087}.Debug|x64.ActiveCfg = Debug|x64
		{78D7F355-F0AD-439E-9276-1F336FEFD087}.Debug|x64.Build.0 = Debug|x64
		{78D7F355-F0AD-439E-9276-1F336FEFD087}.Debug|x86.ActiveCfg = Debug|Win32
		{78D7F355-F0AD-439E-9276-1F336FEFD087}.Debug|x86.Build.0 = Debug|Win32
		{78D7F355-F0AD-439E-9276-1F336FEFD087}.Release|x64.ActiveCfg = Release|x64
		{78D7F355-F0AD-439E-9276-1F336FEFD087}.Release|x64.Build.0 = Release|x64
		{78D7F355-F0AD-439E-9276-1F336FEFD087}.Release|x86.ActiveCfg = Release|Win32
		{78D7F355-F0AD-439E-9276-1F336FEFD087}.Release|x86.Build.0 = Release|Win32
		{A22DA2DB-9AE3-48F5-B9FA-1C854C4ADEB8}.Debug|x64.ActiveCfg = Debug|x64
		{A22DA2DB-9AE3-48F5-B9FA-1C854C4ADEB8}.Debug|x64.Build.0 = Debug|x64
		{A22DA2DB-9AE3-48F5-B9FA-1C854C4ADEB8}.Debug|x86.ActiveCfg = Debug|Win32
		{A22DA2DB-9AE3-48F5-B9FA-1C854C4ADEB8}.Debug|x86.Build.0 = Debug|Win32
		{A22DA2DB-9AE3-48F5-B9FA-1C854C4ADEB8}.Release|x64.ActiveCfg = Release|x64
		{A22DA2DB-9AE3-48F5-B9FA-1C854C4ADEB8}.Release|x64.Build.0 = Release|x64
		{A22DA2DB-9AE3-48F5-B9FA-1C854C4ADEB8}.Release|x86.ActiveCfg = Release|Win32
		{A22DA2DB-9AE3-48F5-B9FA-1C854C4ADEB8}.Release|x86.Build.0 = Release|Win32
		{EA197215-13BB-4729-9573-DB483A0EE1A3}.Debug|x64.ActiveCfg = Debug|x64
		{EA197215-13BB-4729-9573-DB483A0EE1A3}.Debug|x64.Build.0 = Debug|x64
		{EA197215-13BB-4729-9573-DB483A0EE1A3}.Debug|x86.ActiveCfg = Debug|Win32
		{EA197215-13BB-4729-9573-DB483A0EE1A3}.Debug|x86.Build.0 = Debug|Win32
		{EA197215-13BB-4729-9573-DB483A0EE1A3}.Release|x64.ActiveCfg = Release|x64
		{EA197215-13BB-4729-9573-DB483A0EE1A3}.Release|x64.Build.0 = Release|x64
		{EA197215-13BB-4729-9573-DB483A0EE1A3}.Release|x86.ActiveCfg = Release|Win32
		{EA197215-13BB-4729-9573-DB483A0EE1A3}.Release|x86.Build.0 = Release|Win32
		{F0716EC2-0BC5-43EA-9046-B203E0985A67}.Debug|x64.ActiveCfg = Debug|x64
		{F0716EC2-0BC5-43EA-9046-B203E0985A67}.Debug|x64.Build.0 = Debug|x64
		{F0716EC2-0BC5-43EA-9046-B203E0985A67}.Debug|x86.ActiveCfg = Debug|Win32
		{F0716EC2-0BC5-43EA-9046-B203E0985A67}.Debug|x86.Build.0 = Debug|Win32
		{F0716EC2-0BC5-43EA-9046-B203E0985A67}.Release|x64.ActiveCfg = Release|x64
		{F0716EC2-0BC5-43EA-9046-B203E0985A67}.Release|x64.Build.0 = Release|x64
		{F0716EC2-0BC5-43EA-9046-B203E0985A67}.Release|x86.ActiveCfg = Release|Win32
		{F0716EC2-0BC5-43EA-9046-B203E0985A67}.Release|x86.Build.0 = Release|Win32
		{35FA176C-16BB-4C2A-A672-F4FF30C1BEA5}.Debug|x64.ActiveCfg = Debug|x64
		{35FA176C-16BB-4C2A-A672-F4FF30C1BEA5}.Debug|x64.Build.0 = Debug|x64
		{35FA176C-16BB-4C2A-A672-F4FF30C1BEA5}.Debug|x86.ActiveCfg = Debug|Win32
		{35FA176C-16BB-4C2A-A672-F4FF30C1BEA5}.Debug|x86.Build.0 = Debug|Win32
		{35FA176C-16BB-4C2A-A672-F4FF30C1BEA5}.Release|x64.ActiveCfg = Release|x64
		{35FA176C-16BB-4C2A-A672-F4FF30C1BEA5}.Release|x64.Build.0 = Release|x64
		{35FA176C-16BB-4C2A-A672-F4FF30C1BEA5}.Release|x86.ActiveCfg = Release|Win32
		{35FA176C-16BB-4C2A-A672-F4FF30C1BEA5}.Release|x86.Build.0 = Release|Win32
	EndGlobalSection
	GlobalSection(SolutionProperties) = preSolution
		HideSolutionNode = FALSE
	EndGlobalSection
	GlobalSection(NestedProjects) = preSolution
		{78D7F355-F0AD-439E-9276-1F336FEFD087} = {D6910473-100A-4097-B71B-BD6A12C7ABE3}
		{A22DA2DB-9AE3-48F5-B9FA-1C854C4ADEB8} = {11F21AEC-208E-4BC7-A9B3-2B4C98674F9B}
		{EA197215-13BB-4729-9573-DB483A0EE1A3} = {5994E41B-F693-4C44-A205-648CCF8B6007}
		{F0716EC2-0BC5-43EA-9046-B203E0985A67} = {5FA00F81-3B87-4105-931F-269FAFF20E7C}
		{35FA176C-16BB-4C2A-A672-F4FF30C1BEA5} = {CA4914BA-DC31-469D-81BC-217A3CD1F016}
	EndGlobalSection
	GlobalSection(ExtensibilityGlobals) = postSolution
		SolutionGuid = {7091CB55-AAE3-4860-B679-E295F500CE39}
	EndGlobalSection
EndGlobal
